
Microsoft Visual Studio Solution File, Format Version 12.00
# Visual Studio 15
VisualStudioVersion = 15.0.27703.2042
MinimumVisualStudioVersion = 10.0.40219.1
Project("{2150E333-8FDC-42A3-9474-1A3956D46DE8}") = "C_1_0_HackerRank_30", "C_1_0_HackerRank_30", "{21144281-5F49-40F6-A62C-22FF523FCC73}"
EndProject
Project("{9A19103F-16F7-4668-BE54-9A1E7A4F7556}") = "Day_03_Conditional_Statements", "C_1_0_HackerRank_30\Day_03_Conditional_Statements\Day_03_Conditional_Statements.csproj", "{337AA47F-6FE6-4D16-BD45-D536C5CA0B77}"
EndProject
Project("{9A19103F-16F7-4668-BE54-9A1E7A4F7556}") = "Day_00_Hello,World", "C_1_0_HackerRank_30\Day_00_Hello,World\Day_00_Hello,World.csproj", "{1998E153-8900-48B5-94E6-83F3F12A8A0E}"
EndProject
Project("{9A19103F-16F7-4668-BE54-9A1E7A4F7556}") = "Day_01_Data_Types", "C_1_0_HackerRank_30\Day_01_Data_Types\Day_01_Data_Types.csproj", "{5A607BD1-12F8-454F-81F3-00EF8E3DB45C}"
EndProject
Project("{9A19103F-16F7-4668-BE54-9A1E7A4F7556}") = "Day_04_Class_vs_Instance", "C_1_0_HackerRank_30\Day_04_Class_vs_Instance\Day_04_Class_vs_Instance.csproj", "{6B8EB059-F9B5-4051-A5E0-5909B63005F9}"
EndProject
Project("{9A19103F-16F7-4668-BE54-9A1E7A4F7556}") = "Day_05_Loops", "C_1_0_HackerRank_30\Day_05_Loops\Day_05_Loops.csproj", "{76E16EB6-A8BB-4703-8CF8-05F46E2DFBB9}"
EndProject
Project("{9A19103F-16F7-4668-BE54-9A1E7A4F7556}") = "Day_06_Review", "C_1_0_HackerRank_30\Day_06_Review\Day_06_Review.csproj", "{6F5CDC26-07BE-4D3E-ACCD-2504077B8F8A}"
EndProject
Project("{9A19103F-16F7-4668-BE54-9A1E7A4F7556}") = "Day_02_Operators", "C_1_0_HackerRank_30\Day_02_Operators\Day_02_Operators.csproj", "{155FD303-6247-4F85-BEAD-C46913463A71}"
EndProject
Project("{9A19103F-16F7-4668-BE54-9A1E7A4F7556}") = "Day_07_Arrays", "C_1_0_HackerRank_30\Day_07_Arrays\Day_07_Arrays.csproj", "{BFD04274-8C7B-40BE-8CBD-74CFA32254D5}"
EndProject
Project("{9A19103F-16F7-4668-BE54-9A1E7A4F7556}") = "Day_08_Dictionaries_and_Maps", "C_1_0_HackerRank_30\Day_08_Dictionaries_and_Maps\Day_08_Dictionaries_and_Maps.csproj", "{41DAC929-B014-424B-B30B-8C8BBF477EFC}"
EndProject
Global
	GlobalSection(SolutionConfigurationPlatforms) = preSolution
		Debug|Any CPU = Debug|Any CPU
		Release|Any CPU = Release|Any CPU
	EndGlobalSection
	GlobalSection(ProjectConfigurationPlatforms) = postSolution
		{337AA47F-6FE6-4D16-BD45-D536C5CA0B77}.Debug|Any CPU.ActiveCfg = Debug|Any CPU
		{337AA47F-6FE6-4D16-BD45-D536C5CA0B77}.Debug|Any CPU.Build.0 = Debug|Any CPU
		{337AA47F-6FE6-4D16-BD45-D536C5CA0B77}.Release|Any CPU.ActiveCfg = Release|Any CPU
		{337AA47F-6FE6-4D16-BD45-D536C5CA0B77}.Release|Any CPU.Build.0 = Release|Any CPU
		{1998E153-8900-48B5-94E6-83F3F12A8A0E}.Debug|Any CPU.ActiveCfg = Debug|Any CPU
		{1998E153-8900-48B5-94E6-83F3F12A8A0E}.Debug|Any CPU.Build.0 = Debug|Any CPU
		{1998E153-8900-48B5-94E6-83F3F12A8A0E}.Release|Any CPU.ActiveCfg = Release|Any CPU
		{1998E153-8900-48B5-94E6-83F3F12A8A0E}.Release|Any CPU.Build.0 = Release|Any CPU
		{5A607BD1-12F8-454F-81F3-00EF8E3DB45C}.Debug|Any CPU.ActiveCfg = Debug|Any CPU
		{5A607BD1-12F8-454F-81F3-00EF8E3DB45C}.Debug|Any CPU.Build.0 = Debug|Any CPU
		{5A607BD1-12F8-454F-81F3-00EF8E3DB45C}.Release|Any CPU.ActiveCfg = Release|Any CPU
		{5A607BD1-12F8-454F-81F3-00EF8E3DB45C}.Release|Any CPU.Build.0 = Release|Any CPU
		{6B8EB059-F9B5-4051-A5E0-5909B63005F9}.Debug|Any CPU.ActiveCfg = Debug|Any CPU
		{6B8EB059-F9B5-4051-A5E0-5909B63005F9}.Debug|Any CPU.Build.0 = Debug|Any CPU
		{6B8EB059-F9B5-4051-A5E0-5909B63005F9}.Release|Any CPU.ActiveCfg = Release|Any CPU
		{6B8EB059-F9B5-4051-A5E0-5909B63005F9}.Release|Any CPU.Build.0 = Release|Any CPU
		{76E16EB6-A8BB-4703-8CF8-05F46E2DFBB9}.Debug|Any CPU.ActiveCfg = Debug|Any CPU
		{76E16EB6-A8BB-4703-8CF8-05F46E2DFBB9}.Debug|Any CPU.Build.0 = Debug|Any CPU
		{76E16EB6-A8BB-4703-8CF8-05F46E2DFBB9}.Release|Any CPU.ActiveCfg = Release|Any CPU
		{76E16EB6-A8BB-4703-8CF8-05F46E2DFBB9}.Release|Any CPU.Build.0 = Release|Any CPU
		{6F5CDC26-07BE-4D3E-ACCD-2504077B8F8A}.Debug|Any CPU.ActiveCfg = Debug|Any CPU
		{6F5CDC26-07BE-4D3E-ACCD-2504077B8F8A}.Debug|Any CPU.Build.0 = Debug|Any CPU
		{6F5CDC26-07BE-4D3E-ACCD-2504077B8F8A}.Release|Any CPU.ActiveCfg = Release|Any CPU
		{6F5CDC26-07BE-4D3E-ACCD-2504077B8F8A}.Release|Any CPU.Build.0 = Release|Any CPU
		{155FD303-6247-4F85-BEAD-C46913463A71}.Debug|Any CPU.ActiveCfg = Debug|Any CPU
		{155FD303-6247-4F85-BEAD-C46913463A71}.Debug|Any CPU.Build.0 = Debug|Any CPU
		{155FD303-6247-4F85-BEAD-C46913463A71}.Release|Any CPU.ActiveCfg = Release|Any CPU
		{155FD303-6247-4F85-BEAD-C46913463A71}.Release|Any CPU.Build.0 = Release|Any CPU
		{BFD04274-8C7B-40BE-8CBD-74CFA32254D5}.Debug|Any CPU.ActiveCfg = Debug|Any CPU
		{BFD04274-8C7B-40BE-8CBD-74CFA32254D5}.Debug|Any CPU.Build.0 = Debug|Any CPU
		{BFD04274-8C7B-40BE-8CBD-74CFA32254D5}.Release|Any CPU.ActiveCfg = Release|Any CPU
		{BFD04274-8C7B-40BE-8CBD-74CFA32254D5}.Release|Any CPU.Build.0 = Release|Any CPU
		{41DAC929-B014-424B-B30B-8C8BBF477EFC}.Debug|Any CPU.ActiveCfg = Debug|Any CPU
		{41DAC929-B014-424B-B30B-8C8BBF477EFC}.Debug|Any CPU.Build.0 = Debug|Any CPU
		{41DAC929-B014-424B-B30B-8C8BBF477EFC}.Release|Any CPU.ActiveCfg = Release|Any CPU
		{41DAC929-B014-424B-B30B-8C8BBF477EFC}.Release|Any CPU.Build.0 = Release|Any CPU
	EndGlobalSection
	GlobalSection(SolutionProperties) = preSolution
		HideSolutionNode = FALSE
	EndGlobalSection
	GlobalSection(NestedProjects) = preSolution
		{337AA47F-6FE6-4D16-BD45-D536C5CA0B77} = {21144281-5F49-40F6-A62C-22FF523FCC73}
		{1998E153-8900-48B5-94E6-83F3F12A8A0E} = {21144281-5F49-40F6-A62C-22FF523FCC73}
		{5A607BD1-12F8-454F-81F3-00EF8E3DB45C} = {21144281-5F49-40F6-A62C-22FF523FCC73}
		{6B8EB059-F9B5-4051-A5E0-5909B63005F9} = {21144281-5F49-40F6-A62C-22FF523FCC73}
		{76E16EB6-A8BB-4703-8CF8-05F46E2DFBB9} = {21144281-5F49-40F6-A62C-22FF523FCC73}
		{6F5CDC26-07BE-4D3E-ACCD-2504077B8F8A} = {21144281-5F49-40F6-A62C-22FF523FCC73}
		{155FD303-6247-4F85-BEAD-C46913463A71} = {21144281-5F49-40F6-A62C-22FF523FCC73}
		{BFD04274-8C7B-40BE-8CBD-74CFA32254D5} = {21144281-5F49-40F6-A62C-22FF523FCC73}
		{41DAC929-B014-424B-B30B-8C8BBF477EFC} = {21144281-5F49-40F6-A62C-22FF523FCC73}
	EndGlobalSection
	GlobalSection(ExtensibilityGlobals) = postSolution
		SolutionGuid = {676CB759-9CB1-4C94-84A4-35D50A4BEB70}
	EndGlobalSection
EndGlobal
